
Microsoft Visual Studio Solution File, Format Version 12.00
# Visual Studio 15
VisualStudioVersion = 15.0.26430.15
MinimumVisualStudioVersion = 10.0.40219.1
Project("{FAE04EC0-301F-11D3-BF4B-00C04F79EFBC}") = "ResourceDroidForSWLCG", "ResourceDroidForSWLCG\ResourceDroidForSWLCG.csproj", "{586C24EA-1F79-4B71-BF3E-BA13E04858AB}"
EndProject
Global
	GlobalSection(SolutionConfigurationPlatforms) = preSolution
		Debug|Any CPU = Debug|Any CPU
		Release|Any CPU = Release|Any CPU
	EndGlobalSection
	GlobalSection(ProjectConfigurationPlatforms) = postSolution
		{586C24EA-1F79-4B71-BF3E-BA13E04858AB}.Debug|Any CPU.ActiveCfg = Debug|Any CPU
		{586C24EA-1F79-4B71-BF3E-BA13E04858AB}.Debug|Any CPU.Build.0 = Debug|Any CPU
		{586C24EA-1F79-4B71-BF3E-BA13E04858AB}.Debug|Any CPU.Deploy.0 = Debug|Any CPU
		{586C24EA-1F79-4B71-BF3E-BA13E04858AB}.Release|Any CPU.ActiveCfg = Release|Any CPU
		{586C24EA-1F79-4B71-BF3E-BA13E04858AB}.Release|Any CPU.Build.0 = Release|Any CPU
		{586C24EA-1F79-4B71-BF3E-BA13E04858AB}.Release|Any CPU.Deploy.0 = Release|Any CPU
	EndGlobalSection
	GlobalSection(SolutionProperties) = preSolution
		HideSolutionNode = FALSE
	EndGlobalSection
	GlobalSection(ExtensibilityGlobals) = postSolution
		SolutionGuid = {F3A6C13D-10BB-4167-AF71-DBE783A1B32A}
	EndGlobalSection
EndGlobal
